
Microsoft Visual Studio Solution File, Format Version 12.00
# Visual Studio Version 17
VisualStudioVersion = 17.14.36310.24
MinimumVisualStudioVersion = 10.0.40219.1
Project("{FAE04EC0-301F-11D3-BF4B-00C04F79EFBC}") = "DVLD", "DVLD.csproj", "{B7C987A9-FA01-4790-BFCF-568DE4C61E6C}"
EndProject
Project("{FAE04EC0-301F-11D3-BF4B-00C04F79EFBC}") = "DVLD_DataAccessLayer", "..\DVLD_DataAccessLayer\DVLD_DataAccessLayer.csproj", "{92A98C8A-9F6F-4B78-8D96-7E89F182F317}"
EndProject
Project("{FAE04EC0-301F-11D3-BF4B-00C04F79EFBC}") = "DVLD_DataBusinessLayer", "..\DVLD_DataBusinessLayer\DVLD_DataBusinessLayer.csproj", "{7D7A6442-724C-4FF7-82F8-96D944EE80E8}"
EndProject
Global
	GlobalSection(SolutionConfigurationPlatforms) = preSolution
		Debug|Any CPU = Debug|Any CPU
		Release|Any CPU = Release|Any CPU
	EndGlobalSection
	GlobalSection(ProjectConfigurationPlatforms) = postSolution
		{B7C987A9-FA01-4790-BFCF-568DE4C61E6C}.Debug|Any CPU.ActiveCfg = Debug|Any CPU
		{B7C987A9-FA01-4790-BFCF-568DE4C61E6C}.Debug|Any CPU.Build.0 = Debug|Any CPU
		{B7C987A9-FA01-4790-BFCF-568DE4C61E6C}.Release|Any CPU.ActiveCfg = Release|Any CPU
		{B7C987A9-FA01-4790-BFCF-568DE4C61E6C}.Release|Any CPU.Build.0 = Release|Any CPU
		{92A98C8A-9F6F-4B78-8D96-7E89F182F317}.Debug|Any CPU.ActiveCfg = Debug|Any CPU
		{92A98C8A-9F6F-4B78-8D96-7E89F182F317}.Debug|Any CPU.Build.0 = Debug|Any CPU
		{92A98C8A-9F6F-4B78-8D96-7E89F182F317}.Release|Any CPU.ActiveCfg = Release|Any CPU
		{92A98C8A-9F6F-4B78-8D96-7E89F182F317}.Release|Any CPU.Build.0 = Release|Any CPU
		{7D7A6442-724C-4FF7-82F8-96D944EE80E8}.Debug|Any CPU.ActiveCfg = Debug|Any CPU
		{7D7A6442-724C-4FF7-82F8-96D944EE80E8}.Debug|Any CPU.Build.0 = Debug|Any CPU
		{7D7A6442-724C-4FF7-82F8-96D944EE80E8}.Release|Any CPU.ActiveCfg = Release|Any CPU
		{7D7A6442-724C-4FF7-82F8-96D944EE80E8}.Release|Any CPU.Build.0 = Release|Any CPU
	EndGlobalSection
	GlobalSection(SolutionProperties) = preSolution
		HideSolutionNode = FALSE
	EndGlobalSection
	GlobalSection(ExtensibilityGlobals) = postSolution
		SolutionGuid = {F81C3C48-8F06-4BFB-95C8-FAE51A6D3F3F}
	EndGlobalSection
EndGlobal
